
Microsoft Visual Studio Solution File, Format Version 12.00
# Visual Studio Version 17
VisualStudioVersion = 17.3.32929.385
MinimumVisualStudioVersion = 10.0.40219.1
Project("{FAE04EC0-301F-11D3-BF4B-00C04F79EFBC}") = "CoreAndFood", "CoreAndFood.csproj", "{AAA68719-634F-45FD-BAC0-A52D56374C81}"
EndProject
Global
	GlobalSection(SolutionConfigurationPlatforms) = preSolution
		Debug|Any CPU = Debug|Any CPU
		Release|Any CPU = Release|Any CPU
	EndGlobalSection
	GlobalSection(ProjectConfigurationPlatforms) = postSolution
		{AAA68719-634F-45FD-BAC0-A52D56374C81}.Debug|Any CPU.ActiveCfg = Debug|Any CPU
		{AAA68719-634F-45FD-BAC0-A52D56374C81}.Debug|Any CPU.Build.0 = Debug|Any CPU
		{AAA68719-634F-45FD-BAC0-A52D56374C81}.Release|Any CPU.ActiveCfg = Release|Any CPU
		{AAA68719-634F-45FD-BAC0-A52D56374C81}.Release|Any CPU.Build.0 = Release|Any CPU
	EndGlobalSection
	GlobalSection(SolutionProperties) = preSolution
		HideSolutionNode = FALSE
	EndGlobalSection
	GlobalSection(ExtensibilityGlobals) = postSolution
		SolutionGuid = {E3512B6F-7149-417C-8FF0-CAD90541F150}
	EndGlobalSection
EndGlobal
